
Microsoft Visual Studio Solution File, Format Version 12.00
# Visual Studio Version 17
VisualStudioVersion = 17.4.32916.344
MinimumVisualStudioVersion = 10.0.40219.1
Project("{FAE04EC0-301F-11D3-BF4B-00C04F79EFBC}") = "AuraImageVariants", "AuraImageVariants\AuraImageVariants.csproj", "{7A25C4C4-F72D-42A3-A2A3-C692040285CC}"
EndProject
Global
	GlobalSection(SolutionConfigurationPlatforms) = preSolution
		Debug|Any CPU = Debug|Any CPU
		Release|Any CPU = Release|Any CPU
	EndGlobalSection
	GlobalSection(ProjectConfigurationPlatforms) = postSolution
		{7A25C4C4-F72D-42A3-A2A3-C692040285CC}.Debug|Any CPU.ActiveCfg = Debug|Any CPU
		{7A25C4C4-F72D-42A3-A2A3-C692040285CC}.Debug|Any CPU.Build.0 = Debug|Any CPU
		{7A25C4C4-F72D-42A3-A2A3-C692040285CC}.Release|Any CPU.ActiveCfg = Release|Any CPU
		{7A25C4C4-F72D-42A3-A2A3-C692040285CC}.Release|Any CPU.Build.0 = Release|Any CPU
	EndGlobalSection
	GlobalSection(SolutionProperties) = preSolution
		HideSolutionNode = FALSE
	EndGlobalSection
	GlobalSection(ExtensibilityGlobals) = postSolution
		SolutionGuid = {92A38687-BDC9-411D-B468-587C38817DC5}
	EndGlobalSection
EndGlobal
